
Microsoft Visual Studio Solution File, Format Version 12.00
# Visual Studio Version 17
VisualStudioVersion = 17.10.35122.118
MinimumVisualStudioVersion = 10.0.40219.1
Project("{FAE04EC0-301F-11D3-BF4B-00C04F79EFBC}") = "HW13", "HW13\HW13.csproj", "{6CA98E35-4827-4D25-A700-2C34A84549D6}"
EndProject
Global
	GlobalSection(SolutionConfigurationPlatforms) = preSolution
		Debug|Any CPU = Debug|Any CPU
		Release|Any CPU = Release|Any CPU
	EndGlobalSection
	GlobalSection(ProjectConfigurationPlatforms) = postSolution
		{6CA98E35-4827-4D25-A700-2C34A84549D6}.Debug|Any CPU.ActiveCfg = Debug|Any CPU
		{6CA98E35-4827-4D25-A700-2C34A84549D6}.Debug|Any CPU.Build.0 = Debug|Any CPU
		{6CA98E35-4827-4D25-A700-2C34A84549D6}.Release|Any CPU.ActiveCfg = Release|Any CPU
		{6CA98E35-4827-4D25-A700-2C34A84549D6}.Release|Any CPU.Build.0 = Release|Any CPU
	EndGlobalSection
	GlobalSection(SolutionProperties) = preSolution
		HideSolutionNode = FALSE
	EndGlobalSection
	GlobalSection(ExtensibilityGlobals) = postSolution
		SolutionGuid = {620AE390-276C-43F3-8D57-A5531B9E158E}
	EndGlobalSection
EndGlobal
